
Microsoft Visual Studio Solution File, Format Version 12.00
# Visual Studio Version 17
VisualStudioVersion = 17.6.33815.320
MinimumVisualStudioVersion = 10.0.40219.1
Project("{FAE04EC0-301F-11D3-BF4B-00C04F79EFBC}") = "ClassLibrary1", "ClassLibrary1\ClassLibrary1.csproj", "{D3C1103F-DF27-4454-9FDC-85BA887C43DA}"
EndProject
Project("{FAE04EC0-301F-11D3-BF4B-00C04F79EFBC}") = "SpecFlowProject1", "SpecFlowProject1\SpecFlowProject1.csproj", "{FE4E5058-D520-4AF2-9811-C3A3C5931B1E}"
EndProject
Global
	GlobalSection(SolutionConfigurationPlatforms) = preSolution
		Debug|Any CPU = Debug|Any CPU
		Release|Any CPU = Release|Any CPU
	EndGlobalSection
	GlobalSection(ProjectConfigurationPlatforms) = postSolution
		{D3C1103F-DF27-4454-9FDC-85BA887C43DA}.Debug|Any CPU.ActiveCfg = Debug|Any CPU
		{D3C1103F-DF27-4454-9FDC-85BA887C43DA}.Debug|Any CPU.Build.0 = Debug|Any CPU
		{D3C1103F-DF27-4454-9FDC-85BA887C43DA}.Release|Any CPU.ActiveCfg = Release|Any CPU
		{D3C1103F-DF27-4454-9FDC-85BA887C43DA}.Release|Any CPU.Build.0 = Release|Any CPU
		{FE4E5058-D520-4AF2-9811-C3A3C5931B1E}.Debug|Any CPU.ActiveCfg = Debug|Any CPU
		{FE4E5058-D520-4AF2-9811-C3A3C5931B1E}.Debug|Any CPU.Build.0 = Debug|Any CPU
		{FE4E5058-D520-4AF2-9811-C3A3C5931B1E}.Release|Any CPU.ActiveCfg = Release|Any CPU
		{FE4E5058-D520-4AF2-9811-C3A3C5931B1E}.Release|Any CPU.Build.0 = Release|Any CPU
	EndGlobalSection
	GlobalSection(SolutionProperties) = preSolution
		HideSolutionNode = FALSE
	EndGlobalSection
	GlobalSection(ExtensibilityGlobals) = postSolution
		SolutionGuid = {A63D26AB-396A-408B-93C7-737298B91B96}
	EndGlobalSection
EndGlobal
